
Microsoft Visual Studio Solution File, Format Version 11.00
# Visual Basic Express 2010
Project("{F184B08F-C81C-45F6-A57F-5ABD9991F28F}") = "ORDENADOR", "ORDENADOR\ORDENADOR.vbproj", "{BE7D3CBF-463B-4F3F-BC7F-6BDF48A190EF}"
EndProject
Global
	GlobalSection(SolutionConfigurationPlatforms) = preSolution
		Debug|x86 = Debug|x86
		Release|x86 = Release|x86
	EndGlobalSection
	GlobalSection(ProjectConfigurationPlatforms) = postSolution
		{BE7D3CBF-463B-4F3F-BC7F-6BDF48A190EF}.Debug|x86.ActiveCfg = Debug|x86
		{BE7D3CBF-463B-4F3F-BC7F-6BDF48A190EF}.Debug|x86.Build.0 = Debug|x86
		{BE7D3CBF-463B-4F3F-BC7F-6BDF48A190EF}.Release|x86.ActiveCfg = Release|x86
		{BE7D3CBF-463B-4F3F-BC7F-6BDF48A190EF}.Release|x86.Build.0 = Release|x86
	EndGlobalSection
	GlobalSection(SolutionProperties) = preSolution
		HideSolutionNode = FALSE
	EndGlobalSection
EndGlobal
